
Microsoft Visual Studio Solution File, Format Version 12.00
# Visual Studio Version 17
VisualStudioVersion = 17.0.32014.148
MinimumVisualStudioVersion = 10.0.40219.1
Project("{2150E333-8FDC-42A3-9474-1A3956D46DE8}") = "Solution Items", "Solution Items", "{391758F3-0B6A-4CDC-8C11-CCFC24C431D2}"
	ProjectSection(SolutionItems) = preProject
		.gitignore = .gitignore
		changelog.txt = changelog.txt
		Enqueue.md = Enqueue.md
		license.md = license.md
		.github\workflows\publishNuget.yml = .github\workflows\publishNuget.yml
		README.md = README.md
	EndProjectSection
EndProject
Project("{2150E333-8FDC-42A3-9474-1A3956D46DE8}") = "Distributed", "Distributed", "{6A5D76D2-3B24-44A1-B960-A1FC61C7555D}"
EndProject
Project("{9A19103F-16F7-4668-BE54-9A1E7A4F7556}") = "DistributedTasksOnTime.Orchestrator", "src\DistributedTasksOnTime.Orchestrator\DistributedTasksOnTime.Orchestrator.csproj", "{977F32B1-1576-4DB4-8E76-F04B7F15173D}"
EndProject
Project("{9A19103F-16F7-4668-BE54-9A1E7A4F7556}") = "DistributedTasksOnTime.Client", "src\DistributedTasksOnTime.Client\DistributedTasksOnTime.Client.csproj", "{A49E1097-28F1-4CB3-A11A-DDAF649D6EE9}"
EndProject
Project("{9A19103F-16F7-4668-BE54-9A1E7A4F7556}") = "DistributedTaskOnTime.Tests", "src\DistributedTaskOnTime.Tests\DistributedTaskOnTime.Tests.csproj", "{6326E2F5-A2FD-458D-8C2A-4DB845C4066C}"
EndProject
Project("{9A19103F-16F7-4668-BE54-9A1E7A4F7556}") = "DistributedTasksOnTime.Shared", "src\DistributedTasksOnTime.Shared\DistributedTasksOnTime.Shared.csproj", "{4DA84531-A905-4B9B-B64E-FBC15573EFF2}"
EndProject
Project("{9A19103F-16F7-4668-BE54-9A1E7A4F7556}") = "DistributedTasksOnTime.WebApp", "src\DistributedTasksOnTime.WebApp\DistributedTasksOnTime.WebApp.csproj", "{E6863528-299B-4C54-AE62-42FE68ABF13E}"
EndProject
Project("{9A19103F-16F7-4668-BE54-9A1E7A4F7556}") = "DistributedTasksOnTime.DemoClient", "src\DistributedTasksOnTime.DemoClient\DistributedTasksOnTime.DemoClient.csproj", "{1138742D-3D2E-44CF-912E-AD8C3CE3476A}"
EndProject
Project("{9A19103F-16F7-4668-BE54-9A1E7A4F7556}") = "DistributedTasksOnTime.BlazorComponent", "src\DistributedTasksOnTime.BlazorComponent\DistributedTasksOnTime.BlazorComponent.csproj", "{DFF17D40-F84E-4E6F-8703-E7B96FECEB4F}"
EndProject
Project("{2150E333-8FDC-42A3-9474-1A3956D46DE8}") = "Demo", "Demo", "{524B2B0E-1A19-4772-A1D9-531ED14EE451}"
EndProject
Project("{2150E333-8FDC-42A3-9474-1A3956D46DE8}") = "Nuget", "Nuget", "{A9958B22-27FD-4E01-80E8-29FDDBFF08D9}"
EndProject
Project("{9A19103F-16F7-4668-BE54-9A1E7A4F7556}") = "DistributedTasksOnTime.JsonFilePersistence", "src\DistributedTasksOnTime.JsonFilePersistence\DistributedTasksOnTime.JsonFilePersistence.csproj", "{F12DBE7F-9009-45D8-9D7F-5E4F162A8AA7}"
EndProject
Project("{9A19103F-16F7-4668-BE54-9A1E7A4F7556}") = "DistributedTasksOnTime.SqlitePersistence", "src\DistributedTasksOnTime.SqlitePersistence\DistributedTasksOnTime.SqlitePersistence.csproj", "{3B3F1167-8306-42F3-B449-277042D8BB71}"
EndProject
Project("{2150E333-8FDC-42A3-9474-1A3956D46DE8}") = "Core", "Core", "{A959EA79-9394-44B7-9AD6-5E5D744F31B7}"
EndProject
Project("{9A19103F-16F7-4668-BE54-9A1E7A4F7556}") = "TasksOnTimeCore", "src\TasksOnTimeCore\TasksOnTimeCore.csproj", "{F7C2BA36-104D-4ED4-8D5D-BD8689718DD7}"
EndProject
Project("{9A19103F-16F7-4668-BE54-9A1E7A4F7556}") = "TasksOnTimeCore.Scheduling", "src\TasksOnTimeCore.Scheduling\TasksOnTimeCore.Scheduling.csproj", "{A3F371BA-BAF2-4DAE-9172-91D250D443C9}"
EndProject
Project("{FAE04EC0-301F-11D3-BF4B-00C04F79EFBC}") = "DistributedTasksOnTime.MsSqlPersistence", "src\DistributedTasksOnTime.MsSqlPersistence\DistributedTasksOnTime.MsSqlPersistence.csproj", "{1C80707D-63AE-4003-8F10-CC0F36B5CD34}"
EndProject
Global
	GlobalSection(SolutionConfigurationPlatforms) = preSolution
		Debug|Any CPU = Debug|Any CPU
		Release|Any CPU = Release|Any CPU
	EndGlobalSection
	GlobalSection(ProjectConfigurationPlatforms) = postSolution
		{977F32B1-1576-4DB4-8E76-F04B7F15173D}.Debug|Any CPU.ActiveCfg = Debug|Any CPU
		{977F32B1-1576-4DB4-8E76-F04B7F15173D}.Debug|Any CPU.Build.0 = Debug|Any CPU
		{977F32B1-1576-4DB4-8E76-F04B7F15173D}.Release|Any CPU.ActiveCfg = Release|Any CPU
		{977F32B1-1576-4DB4-8E76-F04B7F15173D}.Release|Any CPU.Build.0 = Release|Any CPU
		{A49E1097-28F1-4CB3-A11A-DDAF649D6EE9}.Debug|Any CPU.ActiveCfg = Debug|Any CPU
		{A49E1097-28F1-4CB3-A11A-DDAF649D6EE9}.Debug|Any CPU.Build.0 = Debug|Any CPU
		{A49E1097-28F1-4CB3-A11A-DDAF649D6EE9}.Release|Any CPU.ActiveCfg = Release|Any CPU
		{A49E1097-28F1-4CB3-A11A-DDAF649D6EE9}.Release|Any CPU.Build.0 = Release|Any CPU
		{6326E2F5-A2FD-458D-8C2A-4DB845C4066C}.Debug|Any CPU.ActiveCfg = Debug|Any CPU
		{6326E2F5-A2FD-458D-8C2A-4DB845C4066C}.Debug|Any CPU.Build.0 = Debug|Any CPU
		{6326E2F5-A2FD-458D-8C2A-4DB845C4066C}.Release|Any CPU.ActiveCfg = Release|Any CPU
		{6326E2F5-A2FD-458D-8C2A-4DB845C4066C}.Release|Any CPU.Build.0 = Release|Any CPU
		{4DA84531-A905-4B9B-B64E-FBC15573EFF2}.Debug|Any CPU.ActiveCfg = Debug|Any CPU
		{4DA84531-A905-4B9B-B64E-FBC15573EFF2}.Debug|Any CPU.Build.0 = Debug|Any CPU
		{4DA84531-A905-4B9B-B64E-FBC15573EFF2}.Release|Any CPU.ActiveCfg = Release|Any CPU
		{4DA84531-A905-4B9B-B64E-FBC15573EFF2}.Release|Any CPU.Build.0 = Release|Any CPU
		{E6863528-299B-4C54-AE62-42FE68ABF13E}.Debug|Any CPU.ActiveCfg = Debug|Any CPU
		{E6863528-299B-4C54-AE62-42FE68ABF13E}.Debug|Any CPU.Build.0 = Debug|Any CPU
		{E6863528-299B-4C54-AE62-42FE68ABF13E}.Release|Any CPU.ActiveCfg = Release|Any CPU
		{E6863528-299B-4C54-AE62-42FE68ABF13E}.Release|Any CPU.Build.0 = Release|Any CPU
		{1138742D-3D2E-44CF-912E-AD8C3CE3476A}.Debug|Any CPU.ActiveCfg = Debug|Any CPU
		{1138742D-3D2E-44CF-912E-AD8C3CE3476A}.Debug|Any CPU.Build.0 = Debug|Any CPU
		{1138742D-3D2E-44CF-912E-AD8C3CE3476A}.Release|Any CPU.ActiveCfg = Release|Any CPU
		{1138742D-3D2E-44CF-912E-AD8C3CE3476A}.Release|Any CPU.Build.0 = Release|Any CPU
		{DFF17D40-F84E-4E6F-8703-E7B96FECEB4F}.Debug|Any CPU.ActiveCfg = Debug|Any CPU
		{DFF17D40-F84E-4E6F-8703-E7B96FECEB4F}.Debug|Any CPU.Build.0 = Debug|Any CPU
		{DFF17D40-F84E-4E6F-8703-E7B96FECEB4F}.Release|Any CPU.ActiveCfg = Release|Any CPU
		{DFF17D40-F84E-4E6F-8703-E7B96FECEB4F}.Release|Any CPU.Build.0 = Release|Any CPU
		{F12DBE7F-9009-45D8-9D7F-5E4F162A8AA7}.Debug|Any CPU.ActiveCfg = Debug|Any CPU
		{F12DBE7F-9009-45D8-9D7F-5E4F162A8AA7}.Debug|Any CPU.Build.0 = Debug|Any CPU
		{F12DBE7F-9009-45D8-9D7F-5E4F162A8AA7}.Release|Any CPU.ActiveCfg = Release|Any CPU
		{F12DBE7F-9009-45D8-9D7F-5E4F162A8AA7}.Release|Any CPU.Build.0 = Release|Any CPU
		{3B3F1167-8306-42F3-B449-277042D8BB71}.Debug|Any CPU.ActiveCfg = Debug|Any CPU
		{3B3F1167-8306-42F3-B449-277042D8BB71}.Debug|Any CPU.Build.0 = Debug|Any CPU
		{3B3F1167-8306-42F3-B449-277042D8BB71}.Release|Any CPU.ActiveCfg = Release|Any CPU
		{3B3F1167-8306-42F3-B449-277042D8BB71}.Release|Any CPU.Build.0 = Release|Any CPU
		{F7C2BA36-104D-4ED4-8D5D-BD8689718DD7}.Debug|Any CPU.ActiveCfg = Debug|Any CPU
		{F7C2BA36-104D-4ED4-8D5D-BD8689718DD7}.Debug|Any CPU.Build.0 = Debug|Any CPU
		{F7C2BA36-104D-4ED4-8D5D-BD8689718DD7}.Release|Any CPU.ActiveCfg = Release|Any CPU
		{F7C2BA36-104D-4ED4-8D5D-BD8689718DD7}.Release|Any CPU.Build.0 = Release|Any CPU
		{A3F371BA-BAF2-4DAE-9172-91D250D443C9}.Debug|Any CPU.ActiveCfg = Debug|Any CPU
		{A3F371BA-BAF2-4DAE-9172-91D250D443C9}.Debug|Any CPU.Build.0 = Debug|Any CPU
		{A3F371BA-BAF2-4DAE-9172-91D250D443C9}.Release|Any CPU.ActiveCfg = Release|Any CPU
		{A3F371BA-BAF2-4DAE-9172-91D250D443C9}.Release|Any CPU.Build.0 = Release|Any CPU
		{1C80707D-63AE-4003-8F10-CC0F36B5CD34}.Debug|Any CPU.ActiveCfg = Debug|Any CPU
		{1C80707D-63AE-4003-8F10-CC0F36B5CD34}.Debug|Any CPU.Build.0 = Debug|Any CPU
		{1C80707D-63AE-4003-8F10-CC0F36B5CD34}.Release|Any CPU.ActiveCfg = Release|Any CPU
		{1C80707D-63AE-4003-8F10-CC0F36B5CD34}.Release|Any CPU.Build.0 = Release|Any CPU
	EndGlobalSection
	GlobalSection(SolutionProperties) = preSolution
		HideSolutionNode = FALSE
	EndGlobalSection
	GlobalSection(NestedProjects) = preSolution
		{977F32B1-1576-4DB4-8E76-F04B7F15173D} = {6A5D76D2-3B24-44A1-B960-A1FC61C7555D}
		{A49E1097-28F1-4CB3-A11A-DDAF649D6EE9} = {A9958B22-27FD-4E01-80E8-29FDDBFF08D9}
		{6326E2F5-A2FD-458D-8C2A-4DB845C4066C} = {6A5D76D2-3B24-44A1-B960-A1FC61C7555D}
		{4DA84531-A905-4B9B-B64E-FBC15573EFF2} = {6A5D76D2-3B24-44A1-B960-A1FC61C7555D}
		{E6863528-299B-4C54-AE62-42FE68ABF13E} = {524B2B0E-1A19-4772-A1D9-531ED14EE451}
		{1138742D-3D2E-44CF-912E-AD8C3CE3476A} = {524B2B0E-1A19-4772-A1D9-531ED14EE451}
		{DFF17D40-F84E-4E6F-8703-E7B96FECEB4F} = {A9958B22-27FD-4E01-80E8-29FDDBFF08D9}
		{524B2B0E-1A19-4772-A1D9-531ED14EE451} = {6A5D76D2-3B24-44A1-B960-A1FC61C7555D}
		{A9958B22-27FD-4E01-80E8-29FDDBFF08D9} = {6A5D76D2-3B24-44A1-B960-A1FC61C7555D}
		{F12DBE7F-9009-45D8-9D7F-5E4F162A8AA7} = {A9958B22-27FD-4E01-80E8-29FDDBFF08D9}
		{3B3F1167-8306-42F3-B449-277042D8BB71} = {A9958B22-27FD-4E01-80E8-29FDDBFF08D9}
		{F7C2BA36-104D-4ED4-8D5D-BD8689718DD7} = {A959EA79-9394-44B7-9AD6-5E5D744F31B7}
		{A3F371BA-BAF2-4DAE-9172-91D250D443C9} = {A959EA79-9394-44B7-9AD6-5E5D744F31B7}
		{1C80707D-63AE-4003-8F10-CC0F36B5CD34} = {A9958B22-27FD-4E01-80E8-29FDDBFF08D9}
	EndGlobalSection
	GlobalSection(ExtensibilityGlobals) = postSolution
		SolutionGuid = {D2EBA41C-4C42-4EC9-9648-5ED28A6A82D1}
	EndGlobalSection
EndGlobal
