
Microsoft Visual Studio Solution File, Format Version 12.00
# Visual Studio Version 16
VisualStudioVersion = 16.0.29613.14
MinimumVisualStudioVersion = 10.0.40219.1
Project("{FAE04EC0-301F-11D3-BF4B-00C04F79EFBC}") = "TasksOnTime", "src\TasksOnTime\TasksOnTime.csproj", "{E9D8BCC7-0FB5-4AE1-99B2-A9A07DCE5C83}"
EndProject
Project("{FAE04EC0-301F-11D3-BF4B-00C04F79EFBC}") = "TasksOnTime.Tests", "src\TasksOnTime.Tests\TasksOnTime.Tests.csproj", "{08DF6BC7-C6C1-46CA-9E10-207EF7D581EC}"
EndProject
Project("{2150E333-8FDC-42A3-9474-1A3956D46DE8}") = "Solution Items", "Solution Items", "{391758F3-0B6A-4CDC-8C11-CCFC24C431D2}"
	ProjectSection(SolutionItems) = preProject
		.gitignore = .gitignore
		changelog.txt = changelog.txt
		Enqueue.md = Enqueue.md
		license.md = license.md
		README.md = README.md
	EndProjectSection
EndProject
Project("{FAE04EC0-301F-11D3-BF4B-00C04F79EFBC}") = "TasksOnTime.Scheduling", "src\TasksOnTime.Scheduling\TasksOnTime.Scheduling.csproj", "{C05976F4-A687-4FD0-9B11-3601C7BF58F6}"
EndProject
Project("{FAE04EC0-301F-11D3-BF4B-00C04F79EFBC}") = "TasksOnTime.MonitorApi", "src\TasksOnTime.MonitorApi\TasksOnTime.MonitorApi.csproj", "{057C4E7B-C0A2-4298-A08C-35E93CDDD1F2}"
EndProject
Project("{9A19103F-16F7-4668-BE54-9A1E7A4F7556}") = "TasksOnTimeCore", "src\TasksOnTimeCore\TasksOnTimeCore.csproj", "{C9F5854F-5060-4090-A0AB-473719424993}"
EndProject
Project("{9A19103F-16F7-4668-BE54-9A1E7A4F7556}") = "TasksOnTimeCore.Tests", "src\TasksOnTimeCore.Tests\TasksOnTimeCore.Tests.csproj", "{30AEB95F-300B-48E2-BC4E-D24CABC38E47}"
EndProject
Project("{9A19103F-16F7-4668-BE54-9A1E7A4F7556}") = "TasksOnTimeCore.Scheduling", "src\TasksOnTimeCore.Scheduling\TasksOnTimeCore.Scheduling.csproj", "{33F64BDA-96AC-4509-AF1E-27D459ADABAA}"
EndProject
Project("{2150E333-8FDC-42A3-9474-1A3956D46DE8}") = "Dotnet4.7", "Dotnet4.7", "{9E31D131-09D4-446E-9CA9-41194051CD1D}"
EndProject
Project("{2150E333-8FDC-42A3-9474-1A3956D46DE8}") = "Dotnet3.1", "Dotnet3.1", "{AEE0E52B-9FCF-4D0D-BE5F-A5462E537640}"
EndProject
Global
	GlobalSection(SolutionConfigurationPlatforms) = preSolution
		Debug|Any CPU = Debug|Any CPU
		Release|Any CPU = Release|Any CPU
	EndGlobalSection
	GlobalSection(ProjectConfigurationPlatforms) = postSolution
		{E9D8BCC7-0FB5-4AE1-99B2-A9A07DCE5C83}.Debug|Any CPU.ActiveCfg = Debug|Any CPU
		{E9D8BCC7-0FB5-4AE1-99B2-A9A07DCE5C83}.Debug|Any CPU.Build.0 = Debug|Any CPU
		{E9D8BCC7-0FB5-4AE1-99B2-A9A07DCE5C83}.Release|Any CPU.ActiveCfg = Release|Any CPU
		{E9D8BCC7-0FB5-4AE1-99B2-A9A07DCE5C83}.Release|Any CPU.Build.0 = Release|Any CPU
		{08DF6BC7-C6C1-46CA-9E10-207EF7D581EC}.Debug|Any CPU.ActiveCfg = Debug|Any CPU
		{08DF6BC7-C6C1-46CA-9E10-207EF7D581EC}.Debug|Any CPU.Build.0 = Debug|Any CPU
		{08DF6BC7-C6C1-46CA-9E10-207EF7D581EC}.Release|Any CPU.ActiveCfg = Release|Any CPU
		{08DF6BC7-C6C1-46CA-9E10-207EF7D581EC}.Release|Any CPU.Build.0 = Release|Any CPU
		{C05976F4-A687-4FD0-9B11-3601C7BF58F6}.Debug|Any CPU.ActiveCfg = Debug|Any CPU
		{C05976F4-A687-4FD0-9B11-3601C7BF58F6}.Debug|Any CPU.Build.0 = Debug|Any CPU
		{C05976F4-A687-4FD0-9B11-3601C7BF58F6}.Release|Any CPU.ActiveCfg = Release|Any CPU
		{C05976F4-A687-4FD0-9B11-3601C7BF58F6}.Release|Any CPU.Build.0 = Release|Any CPU
		{057C4E7B-C0A2-4298-A08C-35E93CDDD1F2}.Debug|Any CPU.ActiveCfg = Debug|Any CPU
		{057C4E7B-C0A2-4298-A08C-35E93CDDD1F2}.Debug|Any CPU.Build.0 = Debug|Any CPU
		{057C4E7B-C0A2-4298-A08C-35E93CDDD1F2}.Release|Any CPU.ActiveCfg = Release|Any CPU
		{057C4E7B-C0A2-4298-A08C-35E93CDDD1F2}.Release|Any CPU.Build.0 = Release|Any CPU
		{C9F5854F-5060-4090-A0AB-473719424993}.Debug|Any CPU.ActiveCfg = Debug|Any CPU
		{C9F5854F-5060-4090-A0AB-473719424993}.Debug|Any CPU.Build.0 = Debug|Any CPU
		{C9F5854F-5060-4090-A0AB-473719424993}.Release|Any CPU.ActiveCfg = Release|Any CPU
		{C9F5854F-5060-4090-A0AB-473719424993}.Release|Any CPU.Build.0 = Release|Any CPU
		{30AEB95F-300B-48E2-BC4E-D24CABC38E47}.Debug|Any CPU.ActiveCfg = Debug|Any CPU
		{30AEB95F-300B-48E2-BC4E-D24CABC38E47}.Debug|Any CPU.Build.0 = Debug|Any CPU
		{30AEB95F-300B-48E2-BC4E-D24CABC38E47}.Release|Any CPU.ActiveCfg = Release|Any CPU
		{30AEB95F-300B-48E2-BC4E-D24CABC38E47}.Release|Any CPU.Build.0 = Release|Any CPU
		{33F64BDA-96AC-4509-AF1E-27D459ADABAA}.Debug|Any CPU.ActiveCfg = Debug|Any CPU
		{33F64BDA-96AC-4509-AF1E-27D459ADABAA}.Debug|Any CPU.Build.0 = Debug|Any CPU
		{33F64BDA-96AC-4509-AF1E-27D459ADABAA}.Release|Any CPU.ActiveCfg = Release|Any CPU
		{33F64BDA-96AC-4509-AF1E-27D459ADABAA}.Release|Any CPU.Build.0 = Release|Any CPU
	EndGlobalSection
	GlobalSection(SolutionProperties) = preSolution
		HideSolutionNode = FALSE
	EndGlobalSection
	GlobalSection(NestedProjects) = preSolution
		{E9D8BCC7-0FB5-4AE1-99B2-A9A07DCE5C83} = {9E31D131-09D4-446E-9CA9-41194051CD1D}
		{08DF6BC7-C6C1-46CA-9E10-207EF7D581EC} = {9E31D131-09D4-446E-9CA9-41194051CD1D}
		{C05976F4-A687-4FD0-9B11-3601C7BF58F6} = {9E31D131-09D4-446E-9CA9-41194051CD1D}
		{057C4E7B-C0A2-4298-A08C-35E93CDDD1F2} = {9E31D131-09D4-446E-9CA9-41194051CD1D}
		{C9F5854F-5060-4090-A0AB-473719424993} = {AEE0E52B-9FCF-4D0D-BE5F-A5462E537640}
		{30AEB95F-300B-48E2-BC4E-D24CABC38E47} = {AEE0E52B-9FCF-4D0D-BE5F-A5462E537640}
		{33F64BDA-96AC-4509-AF1E-27D459ADABAA} = {AEE0E52B-9FCF-4D0D-BE5F-A5462E537640}
	EndGlobalSection
	GlobalSection(ExtensibilityGlobals) = postSolution
		SolutionGuid = {D2EBA41C-4C42-4EC9-9648-5ED28A6A82D1}
	EndGlobalSection
EndGlobal
